
Microsoft Visual Studio Solution File, Format Version 12.00
# Visual Studio Version 17
VisualStudioVersion = 17.9.34622.214
MinimumVisualStudioVersion = 10.0.40219.1
Project("{FAE04EC0-301F-11D3-BF4B-00C04F79EFBC}") = "Tinder_Admin", "Tinder_Admin.csproj", "{91590E70-F810-4CDA-8A81-14FCBA56D16B}"
EndProject
Global
	GlobalSection(SolutionConfigurationPlatforms) = preSolution
		Debug|Any CPU = Debug|Any CPU
		Release|Any CPU = Release|Any CPU
	EndGlobalSection
	GlobalSection(ProjectConfigurationPlatforms) = postSolution
		{91590E70-F810-4CDA-8A81-14FCBA56D16B}.Debug|Any CPU.ActiveCfg = Debug|Any CPU
		{91590E70-F810-4CDA-8A81-14FCBA56D16B}.Debug|Any CPU.Build.0 = Debug|Any CPU
		{91590E70-F810-4CDA-8A81-14FCBA56D16B}.Release|Any CPU.ActiveCfg = Release|Any CPU
		{91590E70-F810-4CDA-8A81-14FCBA56D16B}.Release|Any CPU.Build.0 = Release|Any CPU
	EndGlobalSection
	GlobalSection(SolutionProperties) = preSolution
		HideSolutionNode = FALSE
	EndGlobalSection
	GlobalSection(ExtensibilityGlobals) = postSolution
		SolutionGuid = {DECF6C42-A4E1-4A69-8947-8E7925E038DD}
	EndGlobalSection
EndGlobal
